
Microsoft Visual Studio Solution File, Format Version 12.00
# Visual Studio Version 17
VisualStudioVersion = 17.7.34003.232
MinimumVisualStudioVersion = 10.0.40219.1
Project("{9A19103F-16F7-4668-BE54-9A1E7A4F7556}") = "SmartOtp", "SmartOtp\SmartOtp.csproj", "{E786AB62-BD6B-426F-9F29-A73DF55B4CC8}"
EndProject
Project("{FAE04EC0-301F-11D3-BF4B-00C04F79EFBC}") = "SmartOtpApp", "SmartOtpApp\SmartOtpApp\SmartOtpApp.csproj", "{2DF2E9AF-F6A8-4452-B354-FDDCEF324B51}"
EndProject
Project("{FAE04EC0-301F-11D3-BF4B-00C04F79EFBC}") = "SmartOtpApp.Android", "SmartOtpApp\SmartOtpApp.Android\SmartOtpApp.Android.csproj", "{6C8A9AAA-EE73-4EB2-A46C-A8E693BEB93F}"
EndProject
Project("{FAE04EC0-301F-11D3-BF4B-00C04F79EFBC}") = "SmartOtpApp.iOS", "SmartOtpApp\SmartOtpApp.iOS\SmartOtpApp.iOS.csproj", "{72510699-0FFC-4E92-9A6D-E9936474829C}"
EndProject
Global
	GlobalSection(SolutionConfigurationPlatforms) = preSolution
		Ad-Hoc|Any CPU = Ad-Hoc|Any CPU
		Ad-Hoc|iPhone = Ad-Hoc|iPhone
		Ad-Hoc|iPhoneSimulator = Ad-Hoc|iPhoneSimulator
		AppStore|Any CPU = AppStore|Any CPU
		AppStore|iPhone = AppStore|iPhone
		AppStore|iPhoneSimulator = AppStore|iPhoneSimulator
		Debug|Any CPU = Debug|Any CPU
		Debug|iPhone = Debug|iPhone
		Debug|iPhoneSimulator = Debug|iPhoneSimulator
		Release|Any CPU = Release|Any CPU
		Release|iPhone = Release|iPhone
		Release|iPhoneSimulator = Release|iPhoneSimulator
	EndGlobalSection
	GlobalSection(ProjectConfigurationPlatforms) = postSolution
		{E786AB62-BD6B-426F-9F29-A73DF55B4CC8}.Ad-Hoc|Any CPU.ActiveCfg = Release|Any CPU
		{E786AB62-BD6B-426F-9F29-A73DF55B4CC8}.Ad-Hoc|Any CPU.Build.0 = Release|Any CPU
		{E786AB62-BD6B-426F-9F29-A73DF55B4CC8}.Ad-Hoc|Any CPU.Deploy.0 = Release|Any CPU
		{E786AB62-BD6B-426F-9F29-A73DF55B4CC8}.Ad-Hoc|iPhone.ActiveCfg = Release|Any CPU
		{E786AB62-BD6B-426F-9F29-A73DF55B4CC8}.Ad-Hoc|iPhone.Build.0 = Release|Any CPU
		{E786AB62-BD6B-426F-9F29-A73DF55B4CC8}.Ad-Hoc|iPhone.Deploy.0 = Release|Any CPU
		{E786AB62-BD6B-426F-9F29-A73DF55B4CC8}.Ad-Hoc|iPhoneSimulator.ActiveCfg = Release|Any CPU
		{E786AB62-BD6B-426F-9F29-A73DF55B4CC8}.Ad-Hoc|iPhoneSimulator.Build.0 = Release|Any CPU
		{E786AB62-BD6B-426F-9F29-A73DF55B4CC8}.Ad-Hoc|iPhoneSimulator.Deploy.0 = Release|Any CPU
		{E786AB62-BD6B-426F-9F29-A73DF55B4CC8}.AppStore|Any CPU.ActiveCfg = Release|Any CPU
		{E786AB62-BD6B-426F-9F29-A73DF55B4CC8}.AppStore|Any CPU.Build.0 = Release|Any CPU
		{E786AB62-BD6B-426F-9F29-A73DF55B4CC8}.AppStore|Any CPU.Deploy.0 = Release|Any CPU
		{E786AB62-BD6B-426F-9F29-A73DF55B4CC8}.AppStore|iPhone.ActiveCfg = Release|Any CPU
		{E786AB62-BD6B-426F-9F29-A73DF55B4CC8}.AppStore|iPhone.Build.0 = Release|Any CPU
		{E786AB62-BD6B-426F-9F29-A73DF55B4CC8}.AppStore|iPhone.Deploy.0 = Release|Any CPU
		{E786AB62-BD6B-426F-9F29-A73DF55B4CC8}.AppStore|iPhoneSimulator.ActiveCfg = Release|Any CPU
		{E786AB62-BD6B-426F-9F29-A73DF55B4CC8}.AppStore|iPhoneSimulator.Build.0 = Release|Any CPU
		{E786AB62-BD6B-426F-9F29-A73DF55B4CC8}.AppStore|iPhoneSimulator.Deploy.0 = Release|Any CPU
		{E786AB62-BD6B-426F-9F29-A73DF55B4CC8}.Debug|Any CPU.ActiveCfg = Debug|Any CPU
		{E786AB62-BD6B-426F-9F29-A73DF55B4CC8}.Debug|Any CPU.Build.0 = Debug|Any CPU
		{E786AB62-BD6B-426F-9F29-A73DF55B4CC8}.Debug|Any CPU.Deploy.0 = Debug|Any CPU
		{E786AB62-BD6B-426F-9F29-A73DF55B4CC8}.Debug|iPhone.ActiveCfg = Debug|Any CPU
		{E786AB62-BD6B-426F-9F29-A73DF55B4CC8}.Debug|iPhone.Build.0 = Debug|Any CPU
		{E786AB62-BD6B-426F-9F29-A73DF55B4CC8}.Debug|iPhone.Deploy.0 = Debug|Any CPU
		{E786AB62-BD6B-426F-9F29-A73DF55B4CC8}.Debug|iPhoneSimulator.ActiveCfg = Debug|Any CPU
		{E786AB62-BD6B-426F-9F29-A73DF55B4CC8}.Debug|iPhoneSimulator.Build.0 = Debug|Any CPU
		{E786AB62-BD6B-426F-9F29-A73DF55B4CC8}.Debug|iPhoneSimulator.Deploy.0 = Debug|Any CPU
		{E786AB62-BD6B-426F-9F29-A73DF55B4CC8}.Release|Any CPU.ActiveCfg = Release|Any CPU
		{E786AB62-BD6B-426F-9F29-A73DF55B4CC8}.Release|Any CPU.Build.0 = Release|Any CPU
		{E786AB62-BD6B-426F-9F29-A73DF55B4CC8}.Release|Any CPU.Deploy.0 = Release|Any CPU
		{E786AB62-BD6B-426F-9F29-A73DF55B4CC8}.Release|iPhone.ActiveCfg = Release|Any CPU
		{E786AB62-BD6B-426F-9F29-A73DF55B4CC8}.Release|iPhone.Build.0 = Release|Any CPU
		{E786AB62-BD6B-426F-9F29-A73DF55B4CC8}.Release|iPhone.Deploy.0 = Release|Any CPU
		{E786AB62-BD6B-426F-9F29-A73DF55B4CC8}.Release|iPhoneSimulator.ActiveCfg = Release|Any CPU
		{E786AB62-BD6B-426F-9F29-A73DF55B4CC8}.Release|iPhoneSimulator.Build.0 = Release|Any CPU
		{E786AB62-BD6B-426F-9F29-A73DF55B4CC8}.Release|iPhoneSimulator.Deploy.0 = Release|Any CPU
		{2DF2E9AF-F6A8-4452-B354-FDDCEF324B51}.Ad-Hoc|Any CPU.ActiveCfg = Debug|Any CPU
		{2DF2E9AF-F6A8-4452-B354-FDDCEF324B51}.Ad-Hoc|Any CPU.Build.0 = Debug|Any CPU
		{2DF2E9AF-F6A8-4452-B354-FDDCEF324B51}.Ad-Hoc|iPhone.ActiveCfg = Debug|Any CPU
		{2DF2E9AF-F6A8-4452-B354-FDDCEF324B51}.Ad-Hoc|iPhone.Build.0 = Debug|Any CPU
		{2DF2E9AF-F6A8-4452-B354-FDDCEF324B51}.Ad-Hoc|iPhoneSimulator.ActiveCfg = Debug|Any CPU
		{2DF2E9AF-F6A8-4452-B354-FDDCEF324B51}.Ad-Hoc|iPhoneSimulator.Build.0 = Debug|Any CPU
		{2DF2E9AF-F6A8-4452-B354-FDDCEF324B51}.AppStore|Any CPU.ActiveCfg = Debug|Any CPU
		{2DF2E9AF-F6A8-4452-B354-FDDCEF324B51}.AppStore|Any CPU.Build.0 = Debug|Any CPU
		{2DF2E9AF-F6A8-4452-B354-FDDCEF324B51}.AppStore|iPhone.ActiveCfg = Debug|Any CPU
		{2DF2E9AF-F6A8-4452-B354-FDDCEF324B51}.AppStore|iPhone.Build.0 = Debug|Any CPU
		{2DF2E9AF-F6A8-4452-B354-FDDCEF324B51}.AppStore|iPhoneSimulator.ActiveCfg = Debug|Any CPU
		{2DF2E9AF-F6A8-4452-B354-FDDCEF324B51}.AppStore|iPhoneSimulator.Build.0 = Debug|Any CPU
		{2DF2E9AF-F6A8-4452-B354-FDDCEF324B51}.Debug|Any CPU.ActiveCfg = Debug|Any CPU
		{2DF2E9AF-F6A8-4452-B354-FDDCEF324B51}.Debug|Any CPU.Build.0 = Debug|Any CPU
		{2DF2E9AF-F6A8-4452-B354-FDDCEF324B51}.Debug|iPhone.ActiveCfg = Debug|Any CPU
		{2DF2E9AF-F6A8-4452-B354-FDDCEF324B51}.Debug|iPhone.Build.0 = Debug|Any CPU
		{2DF2E9AF-F6A8-4452-B354-FDDCEF324B51}.Debug|iPhoneSimulator.ActiveCfg = Debug|Any CPU
		{2DF2E9AF-F6A8-4452-B354-FDDCEF324B51}.Debug|iPhoneSimulator.Build.0 = Debug|Any CPU
		{2DF2E9AF-F6A8-4452-B354-FDDCEF324B51}.Release|Any CPU.ActiveCfg = Release|Any CPU
		{2DF2E9AF-F6A8-4452-B354-FDDCEF324B51}.Release|Any CPU.Build.0 = Release|Any CPU
		{2DF2E9AF-F6A8-4452-B354-FDDCEF324B51}.Release|iPhone.ActiveCfg = Release|Any CPU
		{2DF2E9AF-F6A8-4452-B354-FDDCEF324B51}.Release|iPhone.Build.0 = Release|Any CPU
		{2DF2E9AF-F6A8-4452-B354-FDDCEF324B51}.Release|iPhoneSimulator.ActiveCfg = Release|Any CPU
		{2DF2E9AF-F6A8-4452-B354-FDDCEF324B51}.Release|iPhoneSimulator.Build.0 = Release|Any CPU
		{6C8A9AAA-EE73-4EB2-A46C-A8E693BEB93F}.Ad-Hoc|Any CPU.ActiveCfg = Debug|Any CPU
		{6C8A9AAA-EE73-4EB2-A46C-A8E693BEB93F}.Ad-Hoc|Any CPU.Build.0 = Debug|Any CPU
		{6C8A9AAA-EE73-4EB2-A46C-A8E693BEB93F}.Ad-Hoc|Any CPU.Deploy.0 = Debug|Any CPU
		{6C8A9AAA-EE73-4EB2-A46C-A8E693BEB93F}.Ad-Hoc|iPhone.ActiveCfg = Debug|Any CPU
		{6C8A9AAA-EE73-4EB2-A46C-A8E693BEB93F}.Ad-Hoc|iPhone.Build.0 = Debug|Any CPU
		{6C8A9AAA-EE73-4EB2-A46C-A8E693BEB93F}.Ad-Hoc|iPhone.Deploy.0 = Debug|Any CPU
		{6C8A9AAA-EE73-4EB2-A46C-A8E693BEB93F}.Ad-Hoc|iPhoneSimulator.ActiveCfg = Debug|Any CPU
		{6C8A9AAA-EE73-4EB2-A46C-A8E693BEB93F}.Ad-Hoc|iPhoneSimulator.Build.0 = Debug|Any CPU
		{6C8A9AAA-EE73-4EB2-A46C-A8E693BEB93F}.Ad-Hoc|iPhoneSimulator.Deploy.0 = Debug|Any CPU
		{6C8A9AAA-EE73-4EB2-A46C-A8E693BEB93F}.AppStore|Any CPU.ActiveCfg = Debug|Any CPU
		{6C8A9AAA-EE73-4EB2-A46C-A8E693BEB93F}.AppStore|Any CPU.Build.0 = Debug|Any CPU
		{6C8A9AAA-EE73-4EB2-A46C-A8E693BEB93F}.AppStore|Any CPU.Deploy.0 = Debug|Any CPU
		{6C8A9AAA-EE73-4EB2-A46C-A8E693BEB93F}.AppStore|iPhone.ActiveCfg = Debug|Any CPU
		{6C8A9AAA-EE73-4EB2-A46C-A8E693BEB93F}.AppStore|iPhone.Build.0 = Debug|Any CPU
		{6C8A9AAA-EE73-4EB2-A46C-A8E693BEB93F}.AppStore|iPhone.Deploy.0 = Debug|Any CPU
		{6C8A9AAA-EE73-4EB2-A46C-A8E693BEB93F}.AppStore|iPhoneSimulator.ActiveCfg = Debug|Any CPU
		{6C8A9AAA-EE73-4EB2-A46C-A8E693BEB93F}.AppStore|iPhoneSimulator.Build.0 = Debug|Any CPU
		{6C8A9AAA-EE73-4EB2-A46C-A8E693BEB93F}.AppStore|iPhoneSimulator.Deploy.0 = Debug|Any CPU
		{6C8A9AAA-EE73-4EB2-A46C-A8E693BEB93F}.Debug|Any CPU.ActiveCfg = Debug|Any CPU
		{6C8A9AAA-EE73-4EB2-A46C-A8E693BEB93F}.Debug|Any CPU.Build.0 = Debug|Any CPU
		{6C8A9AAA-EE73-4EB2-A46C-A8E693BEB93F}.Debug|Any CPU.Deploy.0 = Debug|Any CPU
		{6C8A9AAA-EE73-4EB2-A46C-A8E693BEB93F}.Debug|iPhone.ActiveCfg = Debug|Any CPU
		{6C8A9AAA-EE73-4EB2-A46C-A8E693BEB93F}.Debug|iPhone.Build.0 = Debug|Any CPU
		{6C8A9AAA-EE73-4EB2-A46C-A8E693BEB93F}.Debug|iPhone.Deploy.0 = Debug|Any CPU
		{6C8A9AAA-EE73-4EB2-A46C-A8E693BEB93F}.Debug|iPhoneSimulator.ActiveCfg = Debug|Any CPU
		{6C8A9AAA-EE73-4EB2-A46C-A8E693BEB93F}.Debug|iPhoneSimulator.Build.0 = Debug|Any CPU
		{6C8A9AAA-EE73-4EB2-A46C-A8E693BEB93F}.Debug|iPhoneSimulator.Deploy.0 = Debug|Any CPU
		{6C8A9AAA-EE73-4EB2-A46C-A8E693BEB93F}.Release|Any CPU.ActiveCfg = Release|Any CPU
		{6C8A9AAA-EE73-4EB2-A46C-A8E693BEB93F}.Release|Any CPU.Build.0 = Release|Any CPU
		{6C8A9AAA-EE73-4EB2-A46C-A8E693BEB93F}.Release|Any CPU.Deploy.0 = Release|Any CPU
		{6C8A9AAA-EE73-4EB2-A46C-A8E693BEB93F}.Release|iPhone.ActiveCfg = Release|Any CPU
		{6C8A9AAA-EE73-4EB2-A46C-A8E693BEB93F}.Release|iPhone.Build.0 = Release|Any CPU
		{6C8A9AAA-EE73-4EB2-A46C-A8E693BEB93F}.Release|iPhone.Deploy.0 = Release|Any CPU
		{6C8A9AAA-EE73-4EB2-A46C-A8E693BEB93F}.Release|iPhoneSimulator.ActiveCfg = Release|Any CPU
		{6C8A9AAA-EE73-4EB2-A46C-A8E693BEB93F}.Release|iPhoneSimulator.Build.0 = Release|Any CPU
		{6C8A9AAA-EE73-4EB2-A46C-A8E693BEB93F}.Release|iPhoneSimulator.Deploy.0 = Release|Any CPU
		{72510699-0FFC-4E92-9A6D-E9936474829C}.Ad-Hoc|Any CPU.ActiveCfg = Ad-Hoc|iPhoneSimulator
		{72510699-0FFC-4E92-9A6D-E9936474829C}.Ad-Hoc|Any CPU.Build.0 = Ad-Hoc|iPhoneSimulator
		{72510699-0FFC-4E92-9A6D-E9936474829C}.Ad-Hoc|iPhone.ActiveCfg = Ad-Hoc|iPhone
		{72510699-0FFC-4E92-9A6D-E9936474829C}.Ad-Hoc|iPhone.Build.0 = Ad-Hoc|iPhone
		{72510699-0FFC-4E92-9A6D-E9936474829C}.Ad-Hoc|iPhoneSimulator.ActiveCfg = Ad-Hoc|iPhoneSimulator
		{72510699-0FFC-4E92-9A6D-E9936474829C}.Ad-Hoc|iPhoneSimulator.Build.0 = Ad-Hoc|iPhoneSimulator
		{72510699-0FFC-4E92-9A6D-E9936474829C}.AppStore|Any CPU.ActiveCfg = AppStore|iPhoneSimulator
		{72510699-0FFC-4E92-9A6D-E9936474829C}.AppStore|Any CPU.Build.0 = AppStore|iPhoneSimulator
		{72510699-0FFC-4E92-9A6D-E9936474829C}.AppStore|iPhone.ActiveCfg = AppStore|iPhone
		{72510699-0FFC-4E92-9A6D-E9936474829C}.AppStore|iPhone.Build.0 = AppStore|iPhone
		{72510699-0FFC-4E92-9A6D-E9936474829C}.AppStore|iPhoneSimulator.ActiveCfg = AppStore|iPhoneSimulator
		{72510699-0FFC-4E92-9A6D-E9936474829C}.AppStore|iPhoneSimulator.Build.0 = AppStore|iPhoneSimulator
		{72510699-0FFC-4E92-9A6D-E9936474829C}.Debug|Any CPU.ActiveCfg = Debug|iPhoneSimulator
		{72510699-0FFC-4E92-9A6D-E9936474829C}.Debug|Any CPU.Build.0 = Debug|iPhoneSimulator
		{72510699-0FFC-4E92-9A6D-E9936474829C}.Debug|iPhone.ActiveCfg = Debug|iPhone
		{72510699-0FFC-4E92-9A6D-E9936474829C}.Debug|iPhone.Build.0 = Debug|iPhone
		{72510699-0FFC-4E92-9A6D-E9936474829C}.Debug|iPhoneSimulator.ActiveCfg = Debug|iPhoneSimulator
		{72510699-0FFC-4E92-9A6D-E9936474829C}.Debug|iPhoneSimulator.Build.0 = Debug|iPhoneSimulator
		{72510699-0FFC-4E92-9A6D-E9936474829C}.Release|Any CPU.ActiveCfg = Release|iPhoneSimulator
		{72510699-0FFC-4E92-9A6D-E9936474829C}.Release|Any CPU.Build.0 = Release|iPhoneSimulator
		{72510699-0FFC-4E92-9A6D-E9936474829C}.Release|iPhone.ActiveCfg = Release|iPhone
		{72510699-0FFC-4E92-9A6D-E9936474829C}.Release|iPhone.Build.0 = Release|iPhone
		{72510699-0FFC-4E92-9A6D-E9936474829C}.Release|iPhoneSimulator.ActiveCfg = Release|iPhoneSimulator
		{72510699-0FFC-4E92-9A6D-E9936474829C}.Release|iPhoneSimulator.Build.0 = Release|iPhoneSimulator
	EndGlobalSection
	GlobalSection(SolutionProperties) = preSolution
		HideSolutionNode = FALSE
	EndGlobalSection
	GlobalSection(ExtensibilityGlobals) = postSolution
		SolutionGuid = {DA3B6481-946A-4E27-A66A-9475596D3D1A}
	EndGlobalSection
EndGlobal
