
Microsoft Visual Studio Solution File, Format Version 12.00
# Visual Studio Version 17
VisualStudioVersion = 17.7.34003.232
MinimumVisualStudioVersion = 10.0.40219.1
Project("{FAE04EC0-301F-11D3-BF4B-00C04F79EFBC}") = "SmartOtp.Android", "SmartOtp\SmartOtp.Android\SmartOtp.Android.csproj", "{C3DA2872-C419-46FD-A7AE-6AED35A3C4BC}"
EndProject
Project("{FAE04EC0-301F-11D3-BF4B-00C04F79EFBC}") = "SmartOtp.iOS", "SmartOtp\SmartOtp.iOS\SmartOtp.iOS.csproj", "{61E8AEAC-9F35-4E90-820F-DF8FCB506E12}"
EndProject
Project("{FAE04EC0-301F-11D3-BF4B-00C04F79EFBC}") = "SmartOtp", "SmartOtp\SmartOtp\SmartOtp.csproj", "{429FBC38-1905-41B0-AFB5-2F54D3AB61AF}"
EndProject
Global
	GlobalSection(SolutionConfigurationPlatforms) = preSolution
		Debug|Any CPU = Debug|Any CPU
		Debug|iPhone = Debug|iPhone
		Debug|iPhoneSimulator = Debug|iPhoneSimulator
		Release|Any CPU = Release|Any CPU
		Release|iPhone = Release|iPhone
		Release|iPhoneSimulator = Release|iPhoneSimulator
	EndGlobalSection
	GlobalSection(ProjectConfigurationPlatforms) = postSolution
		{C3DA2872-C419-46FD-A7AE-6AED35A3C4BC}.Debug|Any CPU.ActiveCfg = Debug|Any CPU
		{C3DA2872-C419-46FD-A7AE-6AED35A3C4BC}.Debug|Any CPU.Build.0 = Debug|Any CPU
		{C3DA2872-C419-46FD-A7AE-6AED35A3C4BC}.Debug|Any CPU.Deploy.0 = Debug|Any CPU
		{C3DA2872-C419-46FD-A7AE-6AED35A3C4BC}.Debug|iPhone.ActiveCfg = Debug|Any CPU
		{C3DA2872-C419-46FD-A7AE-6AED35A3C4BC}.Debug|iPhone.Build.0 = Debug|Any CPU
		{C3DA2872-C419-46FD-A7AE-6AED35A3C4BC}.Debug|iPhone.Deploy.0 = Debug|Any CPU
		{C3DA2872-C419-46FD-A7AE-6AED35A3C4BC}.Debug|iPhoneSimulator.ActiveCfg = Debug|Any CPU
		{C3DA2872-C419-46FD-A7AE-6AED35A3C4BC}.Debug|iPhoneSimulator.Build.0 = Debug|Any CPU
		{C3DA2872-C419-46FD-A7AE-6AED35A3C4BC}.Debug|iPhoneSimulator.Deploy.0 = Debug|Any CPU
		{C3DA2872-C419-46FD-A7AE-6AED35A3C4BC}.Release|Any CPU.ActiveCfg = Release|Any CPU
		{C3DA2872-C419-46FD-A7AE-6AED35A3C4BC}.Release|Any CPU.Build.0 = Release|Any CPU
		{C3DA2872-C419-46FD-A7AE-6AED35A3C4BC}.Release|Any CPU.Deploy.0 = Release|Any CPU
		{C3DA2872-C419-46FD-A7AE-6AED35A3C4BC}.Release|iPhone.ActiveCfg = Release|Any CPU
		{C3DA2872-C419-46FD-A7AE-6AED35A3C4BC}.Release|iPhone.Build.0 = Release|Any CPU
		{C3DA2872-C419-46FD-A7AE-6AED35A3C4BC}.Release|iPhone.Deploy.0 = Release|Any CPU
		{C3DA2872-C419-46FD-A7AE-6AED35A3C4BC}.Release|iPhoneSimulator.ActiveCfg = Release|Any CPU
		{C3DA2872-C419-46FD-A7AE-6AED35A3C4BC}.Release|iPhoneSimulator.Build.0 = Release|Any CPU
		{C3DA2872-C419-46FD-A7AE-6AED35A3C4BC}.Release|iPhoneSimulator.Deploy.0 = Release|Any CPU
		{61E8AEAC-9F35-4E90-820F-DF8FCB506E12}.Debug|Any CPU.ActiveCfg = Debug|iPhoneSimulator
		{61E8AEAC-9F35-4E90-820F-DF8FCB506E12}.Debug|Any CPU.Build.0 = Debug|iPhoneSimulator
		{61E8AEAC-9F35-4E90-820F-DF8FCB506E12}.Debug|iPhone.ActiveCfg = Debug|iPhone
		{61E8AEAC-9F35-4E90-820F-DF8FCB506E12}.Debug|iPhone.Build.0 = Debug|iPhone
		{61E8AEAC-9F35-4E90-820F-DF8FCB506E12}.Debug|iPhoneSimulator.ActiveCfg = Debug|iPhoneSimulator
		{61E8AEAC-9F35-4E90-820F-DF8FCB506E12}.Debug|iPhoneSimulator.Build.0 = Debug|iPhoneSimulator
		{61E8AEAC-9F35-4E90-820F-DF8FCB506E12}.Release|Any CPU.ActiveCfg = Release|iPhoneSimulator
		{61E8AEAC-9F35-4E90-820F-DF8FCB506E12}.Release|Any CPU.Build.0 = Release|iPhoneSimulator
		{61E8AEAC-9F35-4E90-820F-DF8FCB506E12}.Release|iPhone.ActiveCfg = Release|iPhone
		{61E8AEAC-9F35-4E90-820F-DF8FCB506E12}.Release|iPhone.Build.0 = Release|iPhone
		{61E8AEAC-9F35-4E90-820F-DF8FCB506E12}.Release|iPhoneSimulator.ActiveCfg = Release|iPhoneSimulator
		{61E8AEAC-9F35-4E90-820F-DF8FCB506E12}.Release|iPhoneSimulator.Build.0 = Release|iPhoneSimulator
		{429FBC38-1905-41B0-AFB5-2F54D3AB61AF}.Debug|Any CPU.ActiveCfg = Debug|Any CPU
		{429FBC38-1905-41B0-AFB5-2F54D3AB61AF}.Debug|Any CPU.Build.0 = Debug|Any CPU
		{429FBC38-1905-41B0-AFB5-2F54D3AB61AF}.Debug|iPhone.ActiveCfg = Debug|Any CPU
		{429FBC38-1905-41B0-AFB5-2F54D3AB61AF}.Debug|iPhone.Build.0 = Debug|Any CPU
		{429FBC38-1905-41B0-AFB5-2F54D3AB61AF}.Debug|iPhoneSimulator.ActiveCfg = Debug|Any CPU
		{429FBC38-1905-41B0-AFB5-2F54D3AB61AF}.Debug|iPhoneSimulator.Build.0 = Debug|Any CPU
		{429FBC38-1905-41B0-AFB5-2F54D3AB61AF}.Release|Any CPU.ActiveCfg = Release|Any CPU
		{429FBC38-1905-41B0-AFB5-2F54D3AB61AF}.Release|Any CPU.Build.0 = Release|Any CPU
		{429FBC38-1905-41B0-AFB5-2F54D3AB61AF}.Release|iPhone.ActiveCfg = Release|Any CPU
		{429FBC38-1905-41B0-AFB5-2F54D3AB61AF}.Release|iPhone.Build.0 = Release|Any CPU
		{429FBC38-1905-41B0-AFB5-2F54D3AB61AF}.Release|iPhoneSimulator.ActiveCfg = Release|Any CPU
		{429FBC38-1905-41B0-AFB5-2F54D3AB61AF}.Release|iPhoneSimulator.Build.0 = Release|Any CPU
	EndGlobalSection
	GlobalSection(SolutionProperties) = preSolution
		HideSolutionNode = FALSE
	EndGlobalSection
	GlobalSection(ExtensibilityGlobals) = postSolution
		SolutionGuid = {DA3B6481-946A-4E27-A66A-9475596D3D1A}
	EndGlobalSection
EndGlobal
